// !$*UTF8*$!
{
	archiveVersion = 1;
	classes = {
	};
	objectVersion = 46;
	objects = {

/* Begin PBXBuildFile section */
		0602764C16FDE9A0006EDA9B /* Social.framework in Frameworks */ = {isa = PBXBuildFile; fileRef = 0602764B16FDE9A0006EDA9B /* Social.framework */; };
		0602764F16FEE030006EDA9B /* AboutViewController.m in Sources */ = {isa = PBXBuildFile; fileRef = 0602764E16FEE02F006EDA9B /* AboutViewController.m */; };
		0602765216FEE0B0006EDA9B /* ThirdPartyNoticesViewController.m in Sources */ = {isa = PBXBuildFile; fileRef = 0602765116FEE0B0006EDA9B /* ThirdPartyNoticesViewController.m */; };
		060CB47116FEE41B008B6C8E /* StoreKit.framework in Frameworks */ = {isa = PBXBuildFile; fileRef = 060CB47016FEE41B008B6C8E /* StoreKit.framework */; };
		060CB47316FEE89D008B6C8E /* third_party_notices.html in Resources */ = {isa = PBXBuildFile; fileRef = 060CB47216FEE89D008B6C8E /* third_party_notices.html */; };
		061C3AF816EC8CAE0070E60C /* Default-568h@2x.png in Resources */ = {isa = PBXBuildFile; fileRef = 061C3AF716EC8CAE0070E60C /* Default-568h@2x.png */; };
		061C3AFD16ECBC470070E60C /* SVProgressHUD.bundle in Resources */ = {isa = PBXBuildFile; fileRef = 061C3AFA16ECBC470070E60C /* SVProgressHUD.bundle */; };
		061C3AFE16ECBC470070E60C /* SVProgressHUD.m in Sources */ = {isa = PBXBuildFile; fileRef = 061C3AFC16ECBC470070E60C /* SVProgressHUD.m */; };
		0625FBEB14AF7F4E00AF3C04 /* UIKit.framework in Frameworks */ = {isa = PBXBuildFile; fileRef = 0625FBEA14AF7F4E00AF3C04 /* UIKit.framework */; };
		0625FBED14AF7F4E00AF3C04 /* Foundation.framework in Frameworks */ = {isa = PBXBuildFile; fileRef = 0625FBEC14AF7F4E00AF3C04 /* Foundation.framework */; };
		0625FBEF14AF7F4E00AF3C04 /* CoreGraphics.framework in Frameworks */ = {isa = PBXBuildFile; fileRef = 0625FBEE14AF7F4E00AF3C04 /* CoreGraphics.framework */; };
		0625FBF514AF7F4E00AF3C04 /* InfoPlist.strings in Resources */ = {isa = PBXBuildFile; fileRef = 0625FBF314AF7F4E00AF3C04 /* InfoPlist.strings */; };
		0625FBF714AF7F4E00AF3C04 /* main.m in Sources */ = {isa = PBXBuildFile; fileRef = 0625FBF614AF7F4E00AF3C04 /* main.m */; };
		0625FBFB14AF7F4E00AF3C04 /* AppDelegate.m in Sources */ = {isa = PBXBuildFile; fileRef = 0625FBFA14AF7F4E00AF3C04 /* AppDelegate.m */; };
		0625FBFE14AF7F4E00AF3C04 /* MainStoryboard.storyboard in Resources */ = {isa = PBXBuildFile; fileRef = 0625FBFC14AF7F4E00AF3C04 /* MainStoryboard.storyboard */; };
		0625FC0114AF7F4E00AF3C04 /* MasterViewController.m in Sources */ = {isa = PBXBuildFile; fileRef = 0625FC0014AF7F4E00AF3C04 /* MasterViewController.m */; };
		0625FC0C14AF7F4E00AF3C04 /* SenTestingKit.framework in Frameworks */ = {isa = PBXBuildFile; fileRef = 0625FC0B14AF7F4E00AF3C04 /* SenTestingKit.framework */; };
		0625FC0D14AF7F4E00AF3C04 /* UIKit.framework in Frameworks */ = {isa = PBXBuildFile; fileRef = 0625FBEA14AF7F4E00AF3C04 /* UIKit.framework */; };
		0625FC0E14AF7F4E00AF3C04 /* Foundation.framework in Frameworks */ = {isa = PBXBuildFile; fileRef = 0625FBEC14AF7F4E00AF3C04 /* Foundation.framework */; };
		0625FC1614AF7F4E00AF3C04 /* InfoPlist.strings in Resources */ = {isa = PBXBuildFile; fileRef = 0625FC1414AF7F4E00AF3C04 /* InfoPlist.strings */; };
		0625FC1914AF7F4E00AF3C04 /* kesikesiTests.m in Sources */ = {isa = PBXBuildFile; fileRef = 0625FC1814AF7F4E00AF3C04 /* kesikesiTests.m */; };
		0625FC2314AF7F7F00AF3C04 /* icon.png in Resources */ = {isa = PBXBuildFile; fileRef = 0625FC2214AF7F7F00AF3C04 /* icon.png */; };
		0625FC2514AF7F8300AF3C04 /* icon@2x.png in Resources */ = {isa = PBXBuildFile; fileRef = 0625FC2414AF7F8300AF3C04 /* icon@2x.png */; };
		0625FC3014AF808000AF3C04 /* KesiKesiService.m in Sources */ = {isa = PBXBuildFile; fileRef = 0625FC2C14AF808000AF3C04 /* KesiKesiService.m */; };
		0625FC3114AF808000AF3C04 /* ImageUtil.m in Sources */ = {isa = PBXBuildFile; fileRef = 0625FC2F14AF808000AF3C04 /* ImageUtil.m */; };
		0625FC4814AF80EB00AF3C04 /* NSString+MD5.m in Sources */ = {isa = PBXBuildFile; fileRef = 0625FC4014AF80EB00AF3C04 /* NSString+MD5.m */; settings = {COMPILER_FLAGS = "-fno-objc-arc"; }; };
		0625FC6714AF80FA00AF3C04 /* libzbar.a in Frameworks */ = {isa = PBXBuildFile; fileRef = 0625FC6114AF80FA00AF3C04 /* libzbar.a */; };
		0625FC6814AF80FA00AF3C04 /* zbar-back.png in Resources */ = {isa = PBXBuildFile; fileRef = 0625FC6314AF80FA00AF3C04 /* zbar-back.png */; };
		0625FC6914AF80FA00AF3C04 /* zbar-help.html in Resources */ = {isa = PBXBuildFile; fileRef = 0625FC6414AF80FA00AF3C04 /* zbar-help.html */; };
		0625FC6A14AF80FA00AF3C04 /* zbar-helpicons.png in Resources */ = {isa = PBXBuildFile; fileRef = 0625FC6514AF80FA00AF3C04 /* zbar-helpicons.png */; };
		0625FC6B14AF80FA00AF3C04 /* zbar-samples.png in Resources */ = {isa = PBXBuildFile; fileRef = 0625FC6614AF80FA00AF3C04 /* zbar-samples.png */; };
		0625FC7014AF832100AF3C04 /* Localizable.strings in Resources */ = {isa = PBXBuildFile; fileRef = 0625FC6E14AF832100AF3C04 /* Localizable.strings */; };
		0625FC7414AF832900AF3C04 /* Localizable.strings in Resources */ = {isa = PBXBuildFile; fileRef = 0625FC7214AF832900AF3C04 /* Localizable.strings */; };
		0625FC9114AF834000AF3C04 /* btn0.png in Resources */ = {isa = PBXBuildFile; fileRef = 0625FC7614AF834000AF3C04 /* btn0.png */; };
		0625FC9214AF834000AF3C04 /* btn0@2x.png in Resources */ = {isa = PBXBuildFile; fileRef = 0625FC7714AF834000AF3C04 /* btn0@2x.png */; };
		0625FC9314AF834000AF3C04 /* btn1.png in Resources */ = {isa = PBXBuildFile; fileRef = 0625FC7814AF834000AF3C04 /* btn1.png */; };
		0625FC9414AF834000AF3C04 /* btn1@2x.png in Resources */ = {isa = PBXBuildFile; fileRef = 0625FC7914AF834000AF3C04 /* btn1@2x.png */; };
		0625FC9514AF834000AF3C04 /* btn2.png in Resources */ = {isa = PBXBuildFile; fileRef = 0625FC7A14AF834000AF3C04 /* btn2.png */; };
		0625FC9614AF834000AF3C04 /* btn2@2x.png in Resources */ = {isa = PBXBuildFile; fileRef = 0625FC7B14AF834000AF3C04 /* btn2@2x.png */; };
		0625FC9714AF834000AF3C04 /* btn3.png in Resources */ = {isa = PBXBuildFile; fileRef = 0625FC7C14AF834000AF3C04 /* btn3.png */; };
		0625FC9814AF834000AF3C04 /* btn3@2x.png in Resources */ = {isa = PBXBuildFile; fileRef = 0625FC7D14AF834000AF3C04 /* btn3@2x.png */; };
		0625FC9914AF834000AF3C04 /* btn4.png in Resources */ = {isa = PBXBuildFile; fileRef = 0625FC7E14AF834000AF3C04 /* btn4.png */; };
		0625FC9A14AF834000AF3C04 /* btn4@2x.png in Resources */ = {isa = PBXBuildFile; fileRef = 0625FC7F14AF834000AF3C04 /* btn4@2x.png */; };
		0625FC9B14AF834000AF3C04 /* btn_back.png in Resources */ = {isa = PBXBuildFile; fileRef = 0625FC8014AF834000AF3C04 /* btn_back.png */; };
		0625FC9C14AF834000AF3C04 /* btn_back@2x.png in Resources */ = {isa = PBXBuildFile; fileRef = 0625FC8114AF834000AF3C04 /* btn_back@2x.png */; };
		0625FC9D14AF834000AF3C04 /* btn_next.png in Resources */ = {isa = PBXBuildFile; fileRef = 0625FC8214AF834000AF3C04 /* btn_next.png */; };
		0625FC9E14AF834000AF3C04 /* btn_next@2x.png in Resources */ = {isa = PBXBuildFile; fileRef = 0625FC8314AF834000AF3C04 /* btn_next@2x.png */; };
		0625FC9F14AF834000AF3C04 /* header_bg.png in Resources */ = {isa = PBXBuildFile; fileRef = 0625FC8414AF834000AF3C04 /* header_bg.png */; };
		0625FCA014AF834000AF3C04 /* header_bg@2x.png in Resources */ = {isa = PBXBuildFile; fileRef = 0625FC8514AF834000AF3C04 /* header_bg@2x.png */; };
		0625FCA114AF834000AF3C04 /* mask0.png in Resources */ = {isa = PBXBuildFile; fileRef = 0625FC8614AF834000AF3C04 /* mask0.png */; };
		0625FCA214AF834000AF3C04 /* mask0@2x.png in Resources */ = {isa = PBXBuildFile; fileRef = 0625FC8714AF834000AF3C04 /* mask0@2x.png */; };
		0625FCA314AF834000AF3C04 /* mask1.png in Resources */ = {isa = PBXBuildFile; fileRef = 0625FC8814AF834000AF3C04 /* mask1.png */; };
		0625FCA414AF834000AF3C04 /* mask1@2x.png in Resources */ = {isa = PBXBuildFile; fileRef = 0625FC8914AF834000AF3C04 /* mask1@2x.png */; };
		0625FCA514AF834000AF3C04 /* mask2.png in Resources */ = {isa = PBXBuildFile; fileRef = 0625FC8A14AF834000AF3C04 /* mask2.png */; };
		0625FCA614AF834000AF3C04 /* mask2@2x.png in Resources */ = {isa = PBXBuildFile; fileRef = 0625FC8B14AF834000AF3C04 /* mask2@2x.png */; };
		0625FCA714AF834000AF3C04 /* mask3.png in Resources */ = {isa = PBXBuildFile; fileRef = 0625FC8C14AF834000AF3C04 /* mask3.png */; };
		0625FCA814AF834000AF3C04 /* mask3@2x.png in Resources */ = {isa = PBXBuildFile; fileRef = 0625FC8D14AF834000AF3C04 /* mask3@2x.png */; };
		0625FCA914AF834000AF3C04 /* mask4.png in Resources */ = {isa = PBXBuildFile; fileRef = 0625FC8E14AF834000AF3C04 /* mask4.png */; };
		0625FCAA14AF834000AF3C04 /* mask4@2x.png in Resources */ = {isa = PBXBuildFile; fileRef = 0625FC8F14AF834000AF3C04 /* mask4@2x.png */; };
		0625FCAB14AF834000AF3C04 /* test.jpg in Resources */ = {isa = PBXBuildFile; fileRef = 0625FC9014AF834000AF3C04 /* test.jpg */; };
		0625FCAE14AF84D500AF3C04 /* FingerPaintViewController.m in Sources */ = {isa = PBXBuildFile; fileRef = 0625FCAD14AF84D500AF3C04 /* FingerPaintViewController.m */; };
		0625FCB114AF853000AF3C04 /* FrameView.m in Sources */ = {isa = PBXBuildFile; fileRef = 0625FCB014AF853000AF3C04 /* FrameView.m */; };
		0625FCB414AF874B00AF3C04 /* ScratchViewController.m in Sources */ = {isa = PBXBuildFile; fileRef = 0625FCB314AF874B00AF3C04 /* ScratchViewController.m */; };
		0625FCB614AF877D00AF3C04 /* iAd.framework in Frameworks */ = {isa = PBXBuildFile; fileRef = 0625FCB514AF877D00AF3C04 /* iAd.framework */; };
		0625FCBD14AF8B5000AF3C04 /* BarcodeScanModalViewController.m in Sources */ = {isa = PBXBuildFile; fileRef = 0625FCBC14AF8B4F00AF3C04 /* BarcodeScanModalViewController.m */; };
		0625FCC014AFFC8D00AF3C04 /* UploadViewController.m in Sources */ = {isa = PBXBuildFile; fileRef = 0625FCBF14AFFC8C00AF3C04 /* UploadViewController.m */; };
		0625FCC914B0066200AF3C04 /* AVFoundation.framework in Frameworks */ = {isa = PBXBuildFile; fileRef = 0625FCC614B0066200AF3C04 /* AVFoundation.framework */; };
		0625FCCA14B0066200AF3C04 /* CoreAudio.framework in Frameworks */ = {isa = PBXBuildFile; fileRef = 0625FCC714B0066200AF3C04 /* CoreAudio.framework */; };
		0625FCCB14B0066200AF3C04 /* CoreMedia.framework in Frameworks */ = {isa = PBXBuildFile; fileRef = 0625FCC814B0066200AF3C04 /* CoreMedia.framework */; };
		0625FCCD14B0068700AF3C04 /* libiconv.dylib in Frameworks */ = {isa = PBXBuildFile; fileRef = 0625FCCC14B0068700AF3C04 /* libiconv.dylib */; };
		0625FCD014B006BB00AF3C04 /* CoreGraphics.framework in Frameworks */ = {isa = PBXBuildFile; fileRef = 0625FCCE14B006BB00AF3C04 /* CoreGraphics.framework */; };
		0625FCD114B006BB00AF3C04 /* QuartzCore.framework in Frameworks */ = {isa = PBXBuildFile; fileRef = 0625FCCF14B006BB00AF3C04 /* QuartzCore.framework */; };
		0625FCD414B00C7900AF3C04 /* RootSchemeViewController.m in Sources */ = {isa = PBXBuildFile; fileRef = 0625FCD314B00C7800AF3C04 /* RootSchemeViewController.m */; };
		0625FCD614B015C100AF3C04 /* CoreVideo.framework in Frameworks */ = {isa = PBXBuildFile; fileRef = 0625FCD514B015C100AF3C04 /* CoreVideo.framework */; };
		0625FCE014B185DB00AF3C04 /* libopencv_core.a in Frameworks */ = {isa = PBXBuildFile; fileRef = 0625FCDD14B185DB00AF3C04 /* libopencv_core.a */; };
		0625FCE114B185DC00AF3C04 /* libopencv_imgproc.a in Frameworks */ = {isa = PBXBuildFile; fileRef = 0625FCDE14B185DB00AF3C04 /* libopencv_imgproc.a */; };
		0625FCE214B185DC00AF3C04 /* libopencv_objdetect.a in Frameworks */ = {isa = PBXBuildFile; fileRef = 0625FCDF14B185DB00AF3C04 /* libopencv_objdetect.a */; };
		0625FCE814B194B200AF3C04 /* CoreImage.framework in Frameworks */ = {isa = PBXBuildFile; fileRef = 0625FCE714B194B200AF3C04 /* CoreImage.framework */; };
		0625FCEB14B2C21200AF3C04 /* btn5.png in Resources */ = {isa = PBXBuildFile; fileRef = 0625FCE914B2C21100AF3C04 /* btn5.png */; };
		0625FCEC14B2C21200AF3C04 /* btn5@2x.png in Resources */ = {isa = PBXBuildFile; fileRef = 0625FCEA14B2C21100AF3C04 /* btn5@2x.png */; };
		0625FCEE14B2C45A00AF3C04 /* mask5.png in Resources */ = {isa = PBXBuildFile; fileRef = 0625FCED14B2C45A00AF3C04 /* mask5.png */; };
		0625FCF514B3146900AF3C04 /* AuthViewController.m in Sources */ = {isa = PBXBuildFile; fileRef = 0625FCF414B3146700AF3C04 /* AuthViewController.m */; };
		0625FCF814B3266000AF3C04 /* home.png in Resources */ = {isa = PBXBuildFile; fileRef = 0625FCF614B3266000AF3C04 /* home.png */; };
		0625FCF914B3266000AF3C04 /* home@2x.png in Resources */ = {isa = PBXBuildFile; fileRef = 0625FCF714B3266000AF3C04 /* home@2x.png */; };
		0625FCFF14B33DD800AF3C04 /* MessageUI.framework in Frameworks */ = {isa = PBXBuildFile; fileRef = 0625FCFE14B33DD800AF3C04 /* MessageUI.framework */; };
		65C49F2714C676BF0051F5A3 /* SBJsonWriter.m in Sources */ = {isa = PBXBuildFile; fileRef = 65C49F1A14C676BF0051F5A3 /* SBJsonWriter.m */; settings = {COMPILER_FLAGS = "-fno-objc-arc"; }; };
		65C49F2814C676BF0051F5A3 /* SBJsonParser.m in Sources */ = {isa = PBXBuildFile; fileRef = 65C49F1C14C676BF0051F5A3 /* SBJsonParser.m */; settings = {COMPILER_FLAGS = "-fno-objc-arc"; }; };
		65C49F2914C676BF0051F5A3 /* SBJsonBase.m in Sources */ = {isa = PBXBuildFile; fileRef = 65C49F1E14C676BF0051F5A3 /* SBJsonBase.m */; settings = {COMPILER_FLAGS = "-fno-objc-arc"; }; };
		65C49F2A14C676BF0051F5A3 /* SBJSON.m in Sources */ = {isa = PBXBuildFile; fileRef = 65C49F2014C676BF0051F5A3 /* SBJSON.m */; settings = {COMPILER_FLAGS = "-fno-objc-arc"; }; };
		65C49F2B14C676BF0051F5A3 /* NSString+SBJSON.m in Sources */ = {isa = PBXBuildFile; fileRef = 65C49F2214C676BF0051F5A3 /* NSString+SBJSON.m */; settings = {COMPILER_FLAGS = "-fno-objc-arc"; }; };
		65C49F2C14C676BF0051F5A3 /* NSObject+SBJSON.m in Sources */ = {isa = PBXBuildFile; fileRef = 65C49F2414C676BF0051F5A3 /* NSObject+SBJSON.m */; settings = {COMPILER_FLAGS = "-fno-objc-arc"; }; };
/* End PBXBuildFile section */

/* Begin PBXContainerItemProxy section */
		0625FC0F14AF7F4E00AF3C04 /* PBXContainerItemProxy */ = {
			isa = PBXContainerItemProxy;
			containerPortal = 0625FBDD14AF7F4E00AF3C04 /* Project object */;
			proxyType = 1;
			remoteGlobalIDString = 0625FBE514AF7F4E00AF3C04;
			remoteInfo = kesikesi;
		};
/* End PBXContainerItemProxy section */

/* Begin PBXFileReference section */
		0602764B16FDE9A0006EDA9B /* Social.framework */ = {isa = PBXFileReference; lastKnownFileType = wrapper.framework; name = Social.framework; path = System/Library/Frameworks/Social.framework; sourceTree = SDKROOT; };
		0602764D16FEE02F006EDA9B /* AboutViewController.h */ = {isa = PBXFileReference; fileEncoding = 4; lastKnownFileType = sourcecode.c.h; path = AboutViewController.h; sourceTree = "<group>"; };
		0602764E16FEE02F006EDA9B /* AboutViewController.m */ = {isa = PBXFileReference; fileEncoding = 4; lastKnownFileType = sourcecode.c.objc; path = AboutViewController.m; sourceTree = "<group>"; };
		0602765016FEE0B0006EDA9B /* ThirdPartyNoticesViewController.h */ = {isa = PBXFileReference; fileEncoding = 4; lastKnownFileType = sourcecode.c.h; path = ThirdPartyNoticesViewController.h; sourceTree = "<group>"; };
		0602765116FEE0B0006EDA9B /* ThirdPartyNoticesViewController.m */ = {isa = PBXFileReference; fileEncoding = 4; lastKnownFileType = sourcecode.c.objc; path = ThirdPartyNoticesViewController.m; sourceTree = "<group>"; };
		060CB47016FEE41B008B6C8E /* StoreKit.framework */ = {isa = PBXFileReference; lastKnownFileType = wrapper.framework; name = StoreKit.framework; path = System/Library/Frameworks/StoreKit.framework; sourceTree = SDKROOT; };
		060CB47216FEE89D008B6C8E /* third_party_notices.html */ = {isa = PBXFileReference; fileEncoding = 4; lastKnownFileType = text.html; path = third_party_notices.html; sourceTree = "<group>"; };
		061C3AF716EC8CAE0070E60C /* Default-568h@2x.png */ = {isa = PBXFileReference; lastKnownFileType = image.png; path = "Default-568h@2x.png"; sourceTree = "<group>"; };
		061C3AFA16ECBC470070E60C /* SVProgressHUD.bundle */ = {isa = PBXFileReference; lastKnownFileType = "wrapper.plug-in"; path = SVProgressHUD.bundle; sourceTree = "<group>"; };
		061C3AFB16ECBC470070E60C /* SVProgressHUD.h */ = {isa = PBXFileReference; fileEncoding = 4; lastKnownFileType = sourcecode.c.h; path = SVProgressHUD.h; sourceTree = "<group>"; };
		061C3AFC16ECBC470070E60C /* SVProgressHUD.m */ = {isa = PBXFileReference; fileEncoding = 4; lastKnownFileType = sourcecode.c.objc; path = SVProgressHUD.m; sourceTree = "<group>"; };
		0625FBE614AF7F4E00AF3C04 /* kesikesi.app */ = {isa = PBXFileReference; explicitFileType = wrapper.application; includeInIndex = 0; path = kesikesi.app; sourceTree = BUILT_PRODUCTS_DIR; };
		0625FBEA14AF7F4E00AF3C04 /* UIKit.framework */ = {isa = PBXFileReference; lastKnownFileType = wrapper.framework; name = UIKit.framework; path = System/Library/Frameworks/UIKit.framework; sourceTree = SDKROOT; };
		0625FBEC14AF7F4E00AF3C04 /* Foundation.framework */ = {isa = PBXFileReference; lastKnownFileType = wrapper.framework; name = Foundation.framework; path = System/Library/Frameworks/Foundation.framework; sourceTree = SDKROOT; };
		0625FBEE14AF7F4E00AF3C04 /* CoreGraphics.framework */ = {isa = PBXFileReference; lastKnownFileType = wrapper.framework; name = CoreGraphics.framework; path = System/Library/Frameworks/CoreGraphics.framework; sourceTree = SDKROOT; };
		0625FBF214AF7F4E00AF3C04 /* kesikesi-Info.plist */ = {isa = PBXFileReference; lastKnownFileType = text.plist.xml; path = "kesikesi-Info.plist"; sourceTree = "<group>"; };
		0625FBF414AF7F4E00AF3C04 /* en */ = {isa = PBXFileReference; lastKnownFileType = text.plist.strings; name = en; path = en.lproj/InfoPlist.strings; sourceTree = "<group>"; };
		0625FBF614AF7F4E00AF3C04 /* main.m */ = {isa = PBXFileReference; lastKnownFileType = sourcecode.c.objc; path = main.m; sourceTree = "<group>"; };
		0625FBF814AF7F4E00AF3C04 /* kesikesi-Prefix.pch */ = {isa = PBXFileReference; lastKnownFileType = sourcecode.c.h; path = "kesikesi-Prefix.pch"; sourceTree = "<group>"; };
		0625FBF914AF7F4E00AF3C04 /* AppDelegate.h */ = {isa = PBXFileReference; lastKnownFileType = sourcecode.c.h; path = AppDelegate.h; sourceTree = "<group>"; };
		0625FBFA14AF7F4E00AF3C04 /* AppDelegate.m */ = {isa = PBXFileReference; lastKnownFileType = sourcecode.c.objc; path = AppDelegate.m; sourceTree = "<group>"; };
		0625FBFD14AF7F4E00AF3C04 /* en */ = {isa = PBXFileReference; lastKnownFileType = file.storyboard; name = en; path = en.lproj/MainStoryboard.storyboard; sourceTree = "<group>"; };
		0625FBFF14AF7F4E00AF3C04 /* MasterViewController.h */ = {isa = PBXFileReference; lastKnownFileType = sourcecode.c.h; path = MasterViewController.h; sourceTree = "<group>"; };
		0625FC0014AF7F4E00AF3C04 /* MasterViewController.m */ = {isa = PBXFileReference; lastKnownFileType = sourcecode.c.objc; path = MasterViewController.m; sourceTree = "<group>"; };
		0625FC0A14AF7F4E00AF3C04 /* kesikesiTests.octest */ = {isa = PBXFileReference; explicitFileType = wrapper.cfbundle; includeInIndex = 0; path = kesikesiTests.octest; sourceTree = BUILT_PRODUCTS_DIR; };
		0625FC0B14AF7F4E00AF3C04 /* SenTestingKit.framework */ = {isa = PBXFileReference; lastKnownFileType = wrapper.framework; name = SenTestingKit.framework; path = Library/Frameworks/SenTestingKit.framework; sourceTree = DEVELOPER_DIR; };
		0625FC1314AF7F4E00AF3C04 /* kesikesiTests-Info.plist */ = {isa = PBXFileReference; lastKnownFileType = text.plist.xml; path = "kesikesiTests-Info.plist"; sourceTree = "<group>"; };
		0625FC1514AF7F4E00AF3C04 /* en */ = {isa = PBXFileReference; lastKnownFileType = text.plist.strings; name = en; path = en.lproj/InfoPlist.strings; sourceTree = "<group>"; };
		0625FC1714AF7F4E00AF3C04 /* kesikesiTests.h */ = {isa = PBXFileReference; lastKnownFileType = sourcecode.c.h; path = kesikesiTests.h; sourceTree = "<group>"; };
		0625FC1814AF7F4E00AF3C04 /* kesikesiTests.m */ = {isa = PBXFileReference; lastKnownFileType = sourcecode.c.objc; path = kesikesiTests.m; sourceTree = "<group>"; };
		0625FC2214AF7F7F00AF3C04 /* icon.png */ = {isa = PBXFileReference; lastKnownFileType = image.png; path = icon.png; sourceTree = "<group>"; };
		0625FC2414AF7F8300AF3C04 /* icon@2x.png */ = {isa = PBXFileReference; lastKnownFileType = image.png; path = "icon@2x.png"; sourceTree = "<group>"; };
		0625FC2B14AF808000AF3C04 /* KesiKesiService.h */ = {isa = PBXFileReference; fileEncoding = 4; lastKnownFileType = sourcecode.c.h; path = KesiKesiService.h; sourceTree = "<group>"; };
		0625FC2C14AF808000AF3C04 /* KesiKesiService.m */ = {isa = PBXFileReference; fileEncoding = 4; lastKnownFileType = sourcecode.c.objc; path = KesiKesiService.m; sourceTree = "<group>"; };
		0625FC2E14AF808000AF3C04 /* ImageUtil.h */ = {isa = PBXFileReference; fileEncoding = 4; lastKnownFileType = sourcecode.c.h; path = ImageUtil.h; sourceTree = "<group>"; };
		0625FC2F14AF808000AF3C04 /* ImageUtil.m */ = {isa = PBXFileReference; fileEncoding = 4; lastKnownFileType = sourcecode.c.objc; path = ImageUtil.m; sourceTree = "<group>"; };
		0625FC3F14AF80EB00AF3C04 /* NSString+MD5.h */ = {isa = PBXFileReference; fileEncoding = 4; lastKnownFileType = sourcecode.c.h; path = "NSString+MD5.h"; sourceTree = "<group>"; };
		0625FC4014AF80EB00AF3C04 /* NSString+MD5.m */ = {isa = PBXFileReference; fileEncoding = 4; lastKnownFileType = sourcecode.c.objc; path = "NSString+MD5.m"; sourceTree = "<group>"; };
		0625FC4E14AF80FA00AF3C04 /* Decoder.h */ = {isa = PBXFileReference; fileEncoding = 4; lastKnownFileType = sourcecode.c.h; path = Decoder.h; sourceTree = "<group>"; };
		0625FC4F14AF80FA00AF3C04 /* Exception.h */ = {isa = PBXFileReference; fileEncoding = 4; lastKnownFileType = sourcecode.c.h; path = Exception.h; sourceTree = "<group>"; };
		0625FC5014AF80FA00AF3C04 /* Image.h */ = {isa = PBXFileReference; fileEncoding = 4; lastKnownFileType = sourcecode.c.h; path = Image.h; sourceTree = "<group>"; };
		0625FC5114AF80FA00AF3C04 /* ImageScanner.h */ = {isa = PBXFileReference; fileEncoding = 4; lastKnownFileType = sourcecode.c.h; path = ImageScanner.h; sourceTree = "<group>"; };
		0625FC5214AF80FA00AF3C04 /* Processor.h */ = {isa = PBXFileReference; fileEncoding = 4; lastKnownFileType = sourcecode.c.h; path = Processor.h; sourceTree = "<group>"; };
		0625FC5314AF80FA00AF3C04 /* Scanner.h */ = {isa = PBXFileReference; fileEncoding = 4; lastKnownFileType = sourcecode.c.h; path = Scanner.h; sourceTree = "<group>"; };
		0625FC5414AF80FA00AF3C04 /* Symbol.h */ = {isa = PBXFileReference; fileEncoding = 4; lastKnownFileType = sourcecode.c.h; path = Symbol.h; sourceTree = "<group>"; };
		0625FC5514AF80FA00AF3C04 /* Video.h */ = {isa = PBXFileReference; fileEncoding = 4; lastKnownFileType = sourcecode.c.h; path = Video.h; sourceTree = "<group>"; };
		0625FC5614AF80FA00AF3C04 /* Window.h */ = {isa = PBXFileReference; fileEncoding = 4; lastKnownFileType = sourcecode.c.h; path = Window.h; sourceTree = "<group>"; };
		0625FC5714AF80FA00AF3C04 /* zbar.h */ = {isa = PBXFileReference; fileEncoding = 4; lastKnownFileType = sourcecode.c.h; path = zbar.h; sourceTree = "<group>"; };
		0625FC5814AF80FA00AF3C04 /* ZBarCaptureReader.h */ = {isa = PBXFileReference; fileEncoding = 4; lastKnownFileType = sourcecode.c.h; path = ZBarCaptureReader.h; sourceTree = "<group>"; };
		0625FC5914AF80FA00AF3C04 /* ZBarHelpController.h */ = {isa = PBXFileReference; fileEncoding = 4; lastKnownFileType = sourcecode.c.h; path = ZBarHelpController.h; sourceTree = "<group>"; };
		0625FC5A14AF80FA00AF3C04 /* ZBarImage.h */ = {isa = PBXFileReference; fileEncoding = 4; lastKnownFileType = sourcecode.c.h; path = ZBarImage.h; sourceTree = "<group>"; };
		0625FC5B14AF80FA00AF3C04 /* ZBarImageScanner.h */ = {isa = PBXFileReference; fileEncoding = 4; lastKnownFileType = sourcecode.c.h; path = ZBarImageScanner.h; sourceTree = "<group>"; };
		0625FC5C14AF80FA00AF3C04 /* ZBarReaderController.h */ = {isa = PBXFileReference; fileEncoding = 4; lastKnownFileType = sourcecode.c.h; path = ZBarReaderController.h; sourceTree = "<group>"; };
		0625FC5D14AF80FA00AF3C04 /* ZBarReaderView.h */ = {isa = PBXFileReference; fileEncoding = 4; lastKnownFileType = sourcecode.c.h; path = ZBarReaderView.h; sourceTree = "<group>"; };
		0625FC5E14AF80FA00AF3C04 /* ZBarReaderViewController.h */ = {isa = PBXFileReference; fileEncoding = 4; lastKnownFileType = sourcecode.c.h; path = ZBarReaderViewController.h; sourceTree = "<group>"; };
		0625FC5F14AF80FA00AF3C04 /* ZBarSDK.h */ = {isa = PBXFileReference; fileEncoding = 4; lastKnownFileType = sourcecode.c.h; path = ZBarSDK.h; sourceTree = "<group>"; };
		0625FC6014AF80FA00AF3C04 /* ZBarSymbol.h */ = {isa = PBXFileReference; fileEncoding = 4; lastKnownFileType = sourcecode.c.h; path = ZBarSymbol.h; sourceTree = "<group>"; };
		0625FC6114AF80FA00AF3C04 /* libzbar.a */ = {isa = PBXFileReference; lastKnownFileType = archive.ar; path = libzbar.a; sourceTree = "<group>"; };
		0625FC6314AF80FA00AF3C04 /* zbar-back.png */ = {isa = PBXFileReference; lastKnownFileType = image.png; path = "zbar-back.png"; sourceTree = "<group>"; };
		0625FC6414AF80FA00AF3C04 /* zbar-help.html */ = {isa = PBXFileReference; fileEncoding = 4; lastKnownFileType = text.html; path = "zbar-help.html"; sourceTree = "<group>"; };
		0625FC6514AF80FA00AF3C04 /* zbar-helpicons.png */ = {isa = PBXFileReference; lastKnownFileType = image.png; path = "zbar-helpicons.png"; sourceTree = "<group>"; };
		0625FC6614AF80FA00AF3C04 /* zbar-samples.png */ = {isa = PBXFileReference; lastKnownFileType = image.png; path = "zbar-samples.png"; sourceTree = "<group>"; };
		0625FC6F14AF832100AF3C04 /* en */ = {isa = PBXFileReference; lastKnownFileType = text.plist.strings; name = en; path = kesikesi/en.lproj/Localizable.strings; sourceTree = "<group>"; };
		0625FC7314AF832900AF3C04 /* ja */ = {isa = PBXFileReference; lastKnownFileType = text.plist.strings; name = ja; path = Localizable.strings; sourceTree = "<group>"; };
		0625FC7614AF834000AF3C04 /* btn0.png */ = {isa = PBXFileReference; lastKnownFileType = image.png; path = btn0.png; sourceTree = "<group>"; };
		0625FC7714AF834000AF3C04 /* btn0@2x.png */ = {isa = PBXFileReference; lastKnownFileType = image.png; path = "btn0@2x.png"; sourceTree = "<group>"; };
		0625FC7814AF834000AF3C04 /* btn1.png */ = {isa = PBXFileReference; lastKnownFileType = image.png; path = btn1.png; sourceTree = "<group>"; };
		0625FC7914AF834000AF3C04 /* btn1@2x.png */ = {isa = PBXFileReference; lastKnownFileType = image.png; path = "btn1@2x.png"; sourceTree = "<group>"; };
		0625FC7A14AF834000AF3C04 /* btn2.png */ = {isa = PBXFileReference; lastKnownFileType = image.png; path = btn2.png; sourceTree = "<group>"; };
		0625FC7B14AF834000AF3C04 /* btn2@2x.png */ = {isa = PBXFileReference; lastKnownFileType = image.png; path = "btn2@2x.png"; sourceTree = "<group>"; };
		0625FC7C14AF834000AF3C04 /* btn3.png */ = {isa = PBXFileReference; lastKnownFileType = image.png; path = btn3.png; sourceTree = "<group>"; };
		0625FC7D14AF834000AF3C04 /* btn3@2x.png */ = {isa = PBXFileReference; lastKnownFileType = image.png; path = "btn3@2x.png"; sourceTree = "<group>"; };
		0625FC7E14AF834000AF3C04 /* btn4.png */ = {isa = PBXFileReference; lastKnownFileType = image.png; path = btn4.png; sourceTree = "<group>"; };
		0625FC7F14AF834000AF3C04 /* btn4@2x.png */ = {isa = PBXFileReference; lastKnownFileType = image.png; path = "btn4@2x.png"; sourceTree = "<group>"; };
		0625FC8014AF834000AF3C04 /* btn_back.png */ = {isa = PBXFileReference; lastKnownFileType = image.png; path = btn_back.png; sourceTree = "<group>"; };
		0625FC8114AF834000AF3C04 /* btn_back@2x.png */ = {isa = PBXFileReference; lastKnownFileType = image.png; path = "btn_back@2x.png"; sourceTree = "<group>"; };
		0625FC8214AF834000AF3C04 /* btn_next.png */ = {isa = PBXFileReference; lastKnownFileType = image.png; path = btn_next.png; sourceTree = "<group>"; };
		0625FC8314AF834000AF3C04 /* btn_next@2x.png */ = {isa = PBXFileReference; lastKnownFileType = image.png; path = "btn_next@2x.png"; sourceTree = "<group>"; };
		0625FC8414AF834000AF3C04 /* header_bg.png */ = {isa = PBXFileReference; lastKnownFileType = image.png; path = header_bg.png; sourceTree = "<group>"; };
		0625FC8514AF834000AF3C04 /* header_bg@2x.png */ = {isa = PBXFileReference; lastKnownFileType = image.png; path = "header_bg@2x.png"; sourceTree = "<group>"; };
		0625FC8614AF834000AF3C04 /* mask0.png */ = {isa = PBXFileReference; lastKnownFileType = image.png; path = mask0.png; sourceTree = "<group>"; };
		0625FC8714AF834000AF3C04 /* mask0@2x.png */ = {isa = PBXFileReference; lastKnownFileType = image.png; path = "mask0@2x.png"; sourceTree = "<group>"; };
		0625FC8814AF834000AF3C04 /* mask1.png */ = {isa = PBXFileReference; lastKnownFileType = image.png; path = mask1.png; sourceTree = "<group>"; };
		0625FC8914AF834000AF3C04 /* mask1@2x.png */ = {isa = PBXFileReference; lastKnownFileType = image.png; path = "mask1@2x.png"; sourceTree = "<group>"; };
		0625FC8A14AF834000AF3C04 /* mask2.png */ = {isa = PBXFileReference; lastKnownFileType = image.png; path = mask2.png; sourceTree = "<group>"; };
		0625FC8B14AF834000AF3C04 /* mask2@2x.png */ = {isa = PBXFileReference; lastKnownFileType = image.png; path = "mask2@2x.png"; sourceTree = "<group>"; };
		0625FC8C14AF834000AF3C04 /* mask3.png */ = {isa = PBXFileReference; lastKnownFileType = image.png; path = mask3.png; sourceTree = "<group>"; };
		0625FC8D14AF834000AF3C04 /* mask3@2x.png */ = {isa = PBXFileReference; lastKnownFileType = image.png; path = "mask3@2x.png"; sourceTree = "<group>"; };
		0625FC8E14AF834000AF3C04 /* mask4.png */ = {isa = PBXFileReference; lastKnownFileType = image.png; path = mask4.png; sourceTree = "<group>"; };
		0625FC8F14AF834000AF3C04 /* mask4@2x.png */ = {isa = PBXFileReference; lastKnownFileType = image.png; path = "mask4@2x.png"; sourceTree = "<group>"; };
		0625FC9014AF834000AF3C04 /* test.jpg */ = {isa = PBXFileReference; lastKnownFileType = image.jpeg; path = test.jpg; sourceTree = "<group>"; };
		0625FCAC14AF84D500AF3C04 /* FingerPaintViewController.h */ = {isa = PBXFileReference; fileEncoding = 4; lastKnownFileType = sourcecode.c.h; path = FingerPaintViewController.h; sourceTree = "<group>"; };
		0625FCAD14AF84D500AF3C04 /* FingerPaintViewController.m */ = {isa = PBXFileReference; fileEncoding = 4; lastKnownFileType = sourcecode.c.objc; path = FingerPaintViewController.m; sourceTree = "<group>"; };
		0625FCAF14AF853000AF3C04 /* FrameView.h */ = {isa = PBXFileReference; fileEncoding = 4; lastKnownFileType = sourcecode.c.h; path = FrameView.h; sourceTree = "<group>"; };
		0625FCB014AF853000AF3C04 /* FrameView.m */ = {isa = PBXFileReference; fileEncoding = 4; lastKnownFileType = sourcecode.c.objc; path = FrameView.m; sourceTree = "<group>"; };
		0625FCB214AF874B00AF3C04 /* ScratchViewController.h */ = {isa = PBXFileReference; fileEncoding = 4; lastKnownFileType = sourcecode.c.h; path = ScratchViewController.h; sourceTree = "<group>"; };
		0625FCB314AF874B00AF3C04 /* ScratchViewController.m */ = {isa = PBXFileReference; fileEncoding = 4; lastKnownFileType = sourcecode.c.objc; path = ScratchViewController.m; sourceTree = "<group>"; };
		0625FCB514AF877D00AF3C04 /* iAd.framework */ = {isa = PBXFileReference; lastKnownFileType = wrapper.framework; name = iAd.framework; path = System/Library/Frameworks/iAd.framework; sourceTree = SDKROOT; };
		0625FCBB14AF8B4F00AF3C04 /* BarcodeScanModalViewController.h */ = {isa = PBXFileReference; fileEncoding = 4; lastKnownFileType = sourcecode.c.h; path = BarcodeScanModalViewController.h; sourceTree = "<group>"; };
		0625FCBC14AF8B4F00AF3C04 /* BarcodeScanModalViewController.m */ = {isa = PBXFileReference; fileEncoding = 4; lastKnownFileType = sourcecode.c.objc; path = BarcodeScanModalViewController.m; sourceTree = "<group>"; };
		0625FCBE14AFFC8C00AF3C04 /* UploadViewController.h */ = {isa = PBXFileReference; fileEncoding = 4; lastKnownFileType = sourcecode.c.h; path = UploadViewController.h; sourceTree = "<group>"; };
		0625FCBF14AFFC8C00AF3C04 /* UploadViewController.m */ = {isa = PBXFileReference; fileEncoding = 4; lastKnownFileType = sourcecode.c.objc; path = UploadViewController.m; sourceTree = "<group>"; };
		0625FCC614B0066200AF3C04 /* AVFoundation.framework */ = {isa = PBXFileReference; lastKnownFileType = wrapper.framework; name = AVFoundation.framework; path = System/Library/Frameworks/AVFoundation.framework; sourceTree = SDKROOT; };
		0625FCC714B0066200AF3C04 /* CoreAudio.framework */ = {isa = PBXFileReference; lastKnownFileType = wrapper.framework; name = CoreAudio.framework; path = System/Library/Frameworks/CoreAudio.framework; sourceTree = SDKROOT; };
		0625FCC814B0066200AF3C04 /* CoreMedia.framework */ = {isa = PBXFileReference; lastKnownFileType = wrapper.framework; name = CoreMedia.framework; path = System/Library/Frameworks/CoreMedia.framework; sourceTree = SDKROOT; };
		0625FCCC14B0068700AF3C04 /* libiconv.dylib */ = {isa = PBXFileReference; lastKnownFileType = "compiled.mach-o.dylib"; name = libiconv.dylib; path = usr/lib/libiconv.dylib; sourceTree = SDKROOT; };
		0625FCCE14B006BB00AF3C04 /* CoreGraphics.framework */ = {isa = PBXFileReference; lastKnownFileType = wrapper.framework; name = CoreGraphics.framework; path = System/Library/Frameworks/CoreGraphics.framework; sourceTree = SDKROOT; };
		0625FCCF14B006BB00AF3C04 /* QuartzCore.framework */ = {isa = PBXFileReference; lastKnownFileType = wrapper.framework; name = QuartzCore.framework; path = System/Library/Frameworks/QuartzCore.framework; sourceTree = SDKROOT; };
		0625FCD214B00C7700AF3C04 /* RootSchemeViewController.h */ = {isa = PBXFileReference; fileEncoding = 4; lastKnownFileType = sourcecode.c.h; path = RootSchemeViewController.h; sourceTree = "<group>"; };
		0625FCD314B00C7800AF3C04 /* RootSchemeViewController.m */ = {isa = PBXFileReference; fileEncoding = 4; lastKnownFileType = sourcecode.c.objc; path = RootSchemeViewController.m; sourceTree = "<group>"; };
		0625FCD514B015C100AF3C04 /* CoreVideo.framework */ = {isa = PBXFileReference; lastKnownFileType = wrapper.framework; name = CoreVideo.framework; path = System/Library/Frameworks/CoreVideo.framework; sourceTree = SDKROOT; };
		0625FCDD14B185DB00AF3C04 /* libopencv_core.a */ = {isa = PBXFileReference; lastKnownFileType = archive.ar; name = libopencv_core.a; path = opencv_simulator/lib/libopencv_core.a; sourceTree = SOURCE_ROOT; };
		0625FCDE14B185DB00AF3C04 /* libopencv_imgproc.a */ = {isa = PBXFileReference; lastKnownFileType = archive.ar; name = libopencv_imgproc.a; path = opencv_simulator/lib/libopencv_imgproc.a; sourceTree = SOURCE_ROOT; };
		0625FCDF14B185DB00AF3C04 /* libopencv_objdetect.a */ = {isa = PBXFileReference; lastKnownFileType = archive.ar; name = libopencv_objdetect.a; path = opencv_simulator/lib/libopencv_objdetect.a; sourceTree = SOURCE_ROOT; };
		0625FCE714B194B200AF3C04 /* CoreImage.framework */ = {isa = PBXFileReference; lastKnownFileType = wrapper.framework; name = CoreImage.framework; path = System/Library/Frameworks/CoreImage.framework; sourceTree = SDKROOT; };
		0625FCE914B2C21100AF3C04 /* btn5.png */ = {isa = PBXFileReference; lastKnownFileType = image.png; path = btn5.png; sourceTree = "<group>"; };
		0625FCEA14B2C21100AF3C04 /* btn5@2x.png */ = {isa = PBXFileReference; lastKnownFileType = image.png; path = "btn5@2x.png"; sourceTree = "<group>"; };
		0625FCED14B2C45A00AF3C04 /* mask5.png */ = {isa = PBXFileReference; lastKnownFileType = image.png; path = mask5.png; sourceTree = "<group>"; };
		0625FCF314B3146500AF3C04 /* AuthViewController.h */ = {isa = PBXFileReference; fileEncoding = 4; lastKnownFileType = sourcecode.c.h; path = AuthViewController.h; sourceTree = "<group>"; };
		0625FCF414B3146700AF3C04 /* AuthViewController.m */ = {isa = PBXFileReference; fileEncoding = 4; lastKnownFileType = sourcecode.c.objc; path = AuthViewController.m; sourceTree = "<group>"; };
		0625FCF614B3266000AF3C04 /* home.png */ = {isa = PBXFileReference; lastKnownFileType = image.png; path = home.png; sourceTree = "<group>"; };
		0625FCF714B3266000AF3C04 /* home@2x.png */ = {isa = PBXFileReference; lastKnownFileType = image.png; path = "home@2x.png"; sourceTree = "<group>"; };
		0625FCFE14B33DD800AF3C04 /* MessageUI.framework */ = {isa = PBXFileReference; lastKnownFileType = wrapper.framework; name = MessageUI.framework; path = System/Library/Frameworks/MessageUI.framework; sourceTree = SDKROOT; };
		65C49F1A14C676BF0051F5A3 /* SBJsonWriter.m */ = {isa = PBXFileReference; fileEncoding = 4; lastKnownFileType = sourcecode.c.objc; path = SBJsonWriter.m; sourceTree = "<group>"; };
		65C49F1B14C676BF0051F5A3 /* SBJsonWriter.h */ = {isa = PBXFileReference; fileEncoding = 4; lastKnownFileType = sourcecode.c.h; path = SBJsonWriter.h; sourceTree = "<group>"; };
		65C49F1C14C676BF0051F5A3 /* SBJsonParser.m */ = {isa = PBXFileReference; fileEncoding = 4; lastKnownFileType = sourcecode.c.objc; path = SBJsonParser.m; sourceTree = "<group>"; };
		65C49F1D14C676BF0051F5A3 /* SBJsonParser.h */ = {isa = PBXFileReference; fileEncoding = 4; lastKnownFileType = sourcecode.c.h; path = SBJsonParser.h; sourceTree = "<group>"; };
		65C49F1E14C676BF0051F5A3 /* SBJsonBase.m */ = {isa = PBXFileReference; fileEncoding = 4; lastKnownFileType = sourcecode.c.objc; path = SBJsonBase.m; sourceTree = "<group>"; };
		65C49F1F14C676BF0051F5A3 /* SBJsonBase.h */ = {isa = PBXFileReference; fileEncoding = 4; lastKnownFileType = sourcecode.c.h; path = SBJsonBase.h; sourceTree = "<group>"; };
		65C49F2014C676BF0051F5A3 /* SBJSON.m */ = {isa = PBXFileReference; fileEncoding = 4; lastKnownFileType = sourcecode.c.objc; path = SBJSON.m; sourceTree = "<group>"; };
		65C49F2114C676BF0051F5A3 /* SBJSON.h */ = {isa = PBXFileReference; fileEncoding = 4; lastKnownFileType = sourcecode.c.h; path = SBJSON.h; sourceTree = "<group>"; };
		65C49F2214C676BF0051F5A3 /* NSString+SBJSON.m */ = {isa = PBXFileReference; fileEncoding = 4; lastKnownFileType = sourcecode.c.objc; path = "NSString+SBJSON.m"; sourceTree = "<group>"; };
		65C49F2314C676BF0051F5A3 /* NSString+SBJSON.h */ = {isa = PBXFileReference; fileEncoding = 4; lastKnownFileType = sourcecode.c.h; path = "NSString+SBJSON.h"; sourceTree = "<group>"; };
		65C49F2414C676BF0051F5A3 /* NSObject+SBJSON.m */ = {isa = PBXFileReference; fileEncoding = 4; lastKnownFileType = sourcecode.c.objc; path = "NSObject+SBJSON.m"; sourceTree = "<group>"; };
		65C49F2514C676BF0051F5A3 /* NSObject+SBJSON.h */ = {isa = PBXFileReference; fileEncoding = 4; lastKnownFileType = sourcecode.c.h; path = "NSObject+SBJSON.h"; sourceTree = "<group>"; };
		65C49F2614C676BF0051F5A3 /* JSON.h */ = {isa = PBXFileReference; fileEncoding = 4; lastKnownFileType = sourcecode.c.h; path = JSON.h; sourceTree = "<group>"; };
/* End PBXFileReference section */

/* Begin PBXFrameworksBuildPhase section */
		0625FBE314AF7F4E00AF3C04 /* Frameworks */ = {
			isa = PBXFrameworksBuildPhase;
			buildActionMask = 2147483647;
			files = (
				0625FBEB14AF7F4E00AF3C04 /* UIKit.framework in Frameworks */,
				0625FBED14AF7F4E00AF3C04 /* Foundation.framework in Frameworks */,
				0625FBEF14AF7F4E00AF3C04 /* CoreGraphics.framework in Frameworks */,
				0625FC6714AF80FA00AF3C04 /* libzbar.a in Frameworks */,
				0625FCB614AF877D00AF3C04 /* iAd.framework in Frameworks */,
				0625FCC914B0066200AF3C04 /* AVFoundation.framework in Frameworks */,
				0625FCCA14B0066200AF3C04 /* CoreAudio.framework in Frameworks */,
				0625FCCB14B0066200AF3C04 /* CoreMedia.framework in Frameworks */,
				0625FCCD14B0068700AF3C04 /* libiconv.dylib in Frameworks */,
				0625FCD014B006BB00AF3C04 /* CoreGraphics.framework in Frameworks */,
				0625FCD114B006BB00AF3C04 /* QuartzCore.framework in Frameworks */,
				0625FCD614B015C100AF3C04 /* CoreVideo.framework in Frameworks */,
				0625FCE014B185DB00AF3C04 /* libopencv_core.a in Frameworks */,
				0625FCE114B185DC00AF3C04 /* libopencv_imgproc.a in Frameworks */,
				0625FCE214B185DC00AF3C04 /* libopencv_objdetect.a in Frameworks */,
				0625FCE814B194B200AF3C04 /* CoreImage.framework in Frameworks */,
				0625FCFF14B33DD800AF3C04 /* MessageUI.framework in Frameworks */,
				0602764C16FDE9A0006EDA9B /* Social.framework in Frameworks */,
				060CB47116FEE41B008B6C8E /* StoreKit.framework in Frameworks */,
			);
			runOnlyForDeploymentPostprocessing = 0;
		};
		0625FC0614AF7F4E00AF3C04 /* Frameworks */ = {
			isa = PBXFrameworksBuildPhase;
			buildActionMask = 2147483647;
			files = (
				0625FC0C14AF7F4E00AF3C04 /* SenTestingKit.framework in Frameworks */,
				0625FC0D14AF7F4E00AF3C04 /* UIKit.framework in Frameworks */,
				0625FC0E14AF7F4E00AF3C04 /* Foundation.framework in Frameworks */,
			);
			runOnlyForDeploymentPostprocessing = 0;
		};
/* End PBXFrameworksBuildPhase section */

/* Begin PBXGroup section */
		061C3AF916ECBC470070E60C /* SVProgressHUD */ = {
			isa = PBXGroup;
			children = (
				061C3AFA16ECBC470070E60C /* SVProgressHUD.bundle */,
				061C3AFB16ECBC470070E60C /* SVProgressHUD.h */,
				061C3AFC16ECBC470070E60C /* SVProgressHUD.m */,
			);
			name = SVProgressHUD;
			path = SVProgressHUD/SVProgressHUD;
			sourceTree = SOURCE_ROOT;
		};
		0625FBDB14AF7F4E00AF3C04 = {
			isa = PBXGroup;
			children = (
				061C3AF716EC8CAE0070E60C /* Default-568h@2x.png */,
				0625FC2414AF7F8300AF3C04 /* icon@2x.png */,
				0625FC2214AF7F7F00AF3C04 /* icon.png */,
				0625FBF014AF7F4E00AF3C04 /* kesikesi */,
				0625FC1114AF7F4E00AF3C04 /* kesikesiTests */,
				0625FBE914AF7F4E00AF3C04 /* Frameworks */,
				0625FBE714AF7F4E00AF3C04 /* Products */,
				0625FC6C14AF82BA00AF3C04 /* Resource */,
			);
			sourceTree = "<group>";
		};
		0625FBE714AF7F4E00AF3C04 /* Products */ = {
			isa = PBXGroup;
			children = (
				0625FBE614AF7F4E00AF3C04 /* kesikesi.app */,
				0625FC0A14AF7F4E00AF3C04 /* kesikesiTests.octest */,
			);
			name = Products;
			sourceTree = "<group>";
		};
		0625FBE914AF7F4E00AF3C04 /* Frameworks */ = {
			isa = PBXGroup;
			children = (
				060CB47016FEE41B008B6C8E /* StoreKit.framework */,
				0602764B16FDE9A0006EDA9B /* Social.framework */,
				0625FCFE14B33DD800AF3C04 /* MessageUI.framework */,
				0625FCE714B194B200AF3C04 /* CoreImage.framework */,
				0625FCD514B015C100AF3C04 /* CoreVideo.framework */,
				0625FCCE14B006BB00AF3C04 /* CoreGraphics.framework */,
				0625FCCF14B006BB00AF3C04 /* QuartzCore.framework */,
				0625FCCC14B0068700AF3C04 /* libiconv.dylib */,
				0625FCC614B0066200AF3C04 /* AVFoundation.framework */,
				0625FCC714B0066200AF3C04 /* CoreAudio.framework */,
				0625FCC814B0066200AF3C04 /* CoreMedia.framework */,
				0625FCB514AF877D00AF3C04 /* iAd.framework */,
				0625FBEA14AF7F4E00AF3C04 /* UIKit.framework */,
				0625FBEC14AF7F4E00AF3C04 /* Foundation.framework */,
				0625FBEE14AF7F4E00AF3C04 /* CoreGraphics.framework */,
				0625FC0B14AF7F4E00AF3C04 /* SenTestingKit.framework */,
			);
			name = Frameworks;
			sourceTree = "<group>";
		};
		0625FBF014AF7F4E00AF3C04 /* kesikesi */ = {
			isa = PBXGroup;
			children = (
				0625FC3214AF80EB00AF3C04 /* Library */,
				0625FC2A14AF808000AF3C04 /* Service */,
				0625FC2D14AF808000AF3C04 /* Util */,
				0625FBF914AF7F4E00AF3C04 /* AppDelegate.h */,
				0625FBFA14AF7F4E00AF3C04 /* AppDelegate.m */,
				0625FCAF14AF853000AF3C04 /* FrameView.h */,
				0625FCB014AF853000AF3C04 /* FrameView.m */,
				0625FBFC14AF7F4E00AF3C04 /* MainStoryboard.storyboard */,
				0625FBFF14AF7F4E00AF3C04 /* MasterViewController.h */,
				0625FC0014AF7F4E00AF3C04 /* MasterViewController.m */,
				0625FCAC14AF84D500AF3C04 /* FingerPaintViewController.h */,
				0625FCAD14AF84D500AF3C04 /* FingerPaintViewController.m */,
				0625FCB214AF874B00AF3C04 /* ScratchViewController.h */,
				0625FCB314AF874B00AF3C04 /* ScratchViewController.m */,
				0625FCBB14AF8B4F00AF3C04 /* BarcodeScanModalViewController.h */,
				0625FCBC14AF8B4F00AF3C04 /* BarcodeScanModalViewController.m */,
				0625FCBE14AFFC8C00AF3C04 /* UploadViewController.h */,
				0625FCBF14AFFC8C00AF3C04 /* UploadViewController.m */,
				0625FCD214B00C7700AF3C04 /* RootSchemeViewController.h */,
				0625FCD314B00C7800AF3C04 /* RootSchemeViewController.m */,
				0625FCF314B3146500AF3C04 /* AuthViewController.h */,
				0625FCF414B3146700AF3C04 /* AuthViewController.m */,
				0602764D16FEE02F006EDA9B /* AboutViewController.h */,
				0602764E16FEE02F006EDA9B /* AboutViewController.m */,
				0602765016FEE0B0006EDA9B /* ThirdPartyNoticesViewController.h */,
				0602765116FEE0B0006EDA9B /* ThirdPartyNoticesViewController.m */,
				0625FBF114AF7F4E00AF3C04 /* Supporting Files */,
			);
			path = kesikesi;
			sourceTree = "<group>";
		};
		0625FBF114AF7F4E00AF3C04 /* Supporting Files */ = {
			isa = PBXGroup;
			children = (
				0625FBF214AF7F4E00AF3C04 /* kesikesi-Info.plist */,
				0625FBF314AF7F4E00AF3C04 /* InfoPlist.strings */,
				0625FBF614AF7F4E00AF3C04 /* main.m */,
				0625FBF814AF7F4E00AF3C04 /* kesikesi-Prefix.pch */,
			);
			name = "Supporting Files";
			sourceTree = "<group>";
		};
		0625FC1114AF7F4E00AF3C04 /* kesikesiTests */ = {
			isa = PBXGroup;
			children = (
				0625FC1714AF7F4E00AF3C04 /* kesikesiTests.h */,
				0625FC1814AF7F4E00AF3C04 /* kesikesiTests.m */,
				0625FC1214AF7F4E00AF3C04 /* Supporting Files */,
			);
			path = kesikesiTests;
			sourceTree = "<group>";
		};
		0625FC1214AF7F4E00AF3C04 /* Supporting Files */ = {
			isa = PBXGroup;
			children = (
				0625FC1314AF7F4E00AF3C04 /* kesikesiTests-Info.plist */,
				0625FC1414AF7F4E00AF3C04 /* InfoPlist.strings */,
			);
			name = "Supporting Files";
			sourceTree = "<group>";
		};
		0625FC2A14AF808000AF3C04 /* Service */ = {
			isa = PBXGroup;
			children = (
				0625FC2B14AF808000AF3C04 /* KesiKesiService.h */,
				0625FC2C14AF808000AF3C04 /* KesiKesiService.m */,
			);
			path = Service;
			sourceTree = "<group>";
		};
		0625FC2D14AF808000AF3C04 /* Util */ = {
			isa = PBXGroup;
			children = (
				0625FC2E14AF808000AF3C04 /* ImageUtil.h */,
				0625FC2F14AF808000AF3C04 /* ImageUtil.m */,
			);
			path = Util;
			sourceTree = "<group>";
		};
		0625FC3214AF80EB00AF3C04 /* Library */ = {
			isa = PBXGroup;
			children = (
				0625FCDD14B185DB00AF3C04 /* libopencv_core.a */,
				0625FCDE14B185DB00AF3C04 /* libopencv_imgproc.a */,
				0625FCDF14B185DB00AF3C04 /* libopencv_objdetect.a */,
				0625FC4A14AF80FA00AF3C04 /* ZBarSDK */,
				0625FC3314AF80EB00AF3C04 /* JSON */,
				0625FC3F14AF80EB00AF3C04 /* NSString+MD5.h */,
				0625FC4014AF80EB00AF3C04 /* NSString+MD5.m */,
				061C3AF916ECBC470070E60C /* SVProgressHUD */,
			);
			path = Library;
			sourceTree = "<group>";
		};
		0625FC3314AF80EB00AF3C04 /* JSON */ = {
			isa = PBXGroup;
			children = (
				65C49F1A14C676BF0051F5A3 /* SBJsonWriter.m */,
				65C49F1B14C676BF0051F5A3 /* SBJsonWriter.h */,
				65C49F1C14C676BF0051F5A3 /* SBJsonParser.m */,
				65C49F1D14C676BF0051F5A3 /* SBJsonParser.h */,
				65C49F1E14C676BF0051F5A3 /* SBJsonBase.m */,
				65C49F1F14C676BF0051F5A3 /* SBJsonBase.h */,
				65C49F2014C676BF0051F5A3 /* SBJSON.m */,
				65C49F2114C676BF0051F5A3 /* SBJSON.h */,
				65C49F2214C676BF0051F5A3 /* NSString+SBJSON.m */,
				65C49F2314C676BF0051F5A3 /* NSString+SBJSON.h */,
				65C49F2414C676BF0051F5A3 /* NSObject+SBJSON.m */,
				65C49F2514C676BF0051F5A3 /* NSObject+SBJSON.h */,
				65C49F2614C676BF0051F5A3 /* JSON.h */,
			);
			path = JSON;
			sourceTree = "<group>";
		};
		0625FC4A14AF80FA00AF3C04 /* ZBarSDK */ = {
			isa = PBXGroup;
			children = (
				0625FC4B14AF80FA00AF3C04 /* Headers */,
				0625FC6114AF80FA00AF3C04 /* libzbar.a */,
				0625FC6214AF80FA00AF3C04 /* Resources */,
			);
			path = ZBarSDK;
			sourceTree = SOURCE_ROOT;
		};
		0625FC4B14AF80FA00AF3C04 /* Headers */ = {
			isa = PBXGroup;
			children = (
				0625FC4C14AF80FA00AF3C04 /* ZBarSDK */,
			);
			path = Headers;
			sourceTree = "<group>";
		};
		0625FC4C14AF80FA00AF3C04 /* ZBarSDK */ = {
			isa = PBXGroup;
			children = (
				0625FC4D14AF80FA00AF3C04 /* zbar */,
				0625FC5714AF80FA00AF3C04 /* zbar.h */,
				0625FC5814AF80FA00AF3C04 /* ZBarCaptureReader.h */,
				0625FC5914AF80FA00AF3C04 /* ZBarHelpController.h */,
				0625FC5A14AF80FA00AF3C04 /* ZBarImage.h */,
				0625FC5B14AF80FA00AF3C04 /* ZBarImageScanner.h */,
				0625FC5C14AF80FA00AF3C04 /* ZBarReaderController.h */,
				0625FC5D14AF80FA00AF3C04 /* ZBarReaderView.h */,
				0625FC5E14AF80FA00AF3C04 /* ZBarReaderViewController.h */,
				0625FC5F14AF80FA00AF3C04 /* ZBarSDK.h */,
				0625FC6014AF80FA00AF3C04 /* ZBarSymbol.h */,
			);
			path = ZBarSDK;
			sourceTree = "<group>";
		};
		0625FC4D14AF80FA00AF3C04 /* zbar */ = {
			isa = PBXGroup;
			children = (
				0625FC4E14AF80FA00AF3C04 /* Decoder.h */,
				0625FC4F14AF80FA00AF3C04 /* Exception.h */,
				0625FC5014AF80FA00AF3C04 /* Image.h */,
				0625FC5114AF80FA00AF3C04 /* ImageScanner.h */,
				0625FC5214AF80FA00AF3C04 /* Processor.h */,
				0625FC5314AF80FA00AF3C04 /* Scanner.h */,
				0625FC5414AF80FA00AF3C04 /* Symbol.h */,
				0625FC5514AF80FA00AF3C04 /* Video.h */,
				0625FC5614AF80FA00AF3C04 /* Window.h */,
			);
			path = zbar;
			sourceTree = "<group>";
		};
		0625FC6214AF80FA00AF3C04 /* Resources */ = {
			isa = PBXGroup;
			children = (
				0625FC6314AF80FA00AF3C04 /* zbar-back.png */,
				0625FC6414AF80FA00AF3C04 /* zbar-help.html */,
				0625FC6514AF80FA00AF3C04 /* zbar-helpicons.png */,
				0625FC6614AF80FA00AF3C04 /* zbar-samples.png */,
			);
			path = Resources;
			sourceTree = "<group>";
		};
		0625FC6C14AF82BA00AF3C04 /* Resource */ = {
			isa = PBXGroup;
			children = (
				060CB47216FEE89D008B6C8E /* third_party_notices.html */,
				0625FC7514AF834000AF3C04 /* images */,
				0625FC7114AF832900AF3C04 /* ja.lproj */,
				0625FC6D14AF82F200AF3C04 /* en.lproj */,
			);
			name = Resource;
			sourceTree = "<group>";
		};
		0625FC6D14AF82F200AF3C04 /* en.lproj */ = {
			isa = PBXGroup;
			children = (
				0625FC6E14AF832100AF3C04 /* Localizable.strings */,
			);
			name = en.lproj;
			sourceTree = "<group>";
		};
		0625FC7114AF832900AF3C04 /* ja.lproj */ = {
			isa = PBXGroup;
			children = (
				0625FC7214AF832900AF3C04 /* Localizable.strings */,
			);
			name = ja.lproj;
			path = kesikesi/ja.lproj;
			sourceTree = "<group>";
		};
		0625FC7514AF834000AF3C04 /* images */ = {
			isa = PBXGroup;
			children = (
				0625FCF614B3266000AF3C04 /* home.png */,
				0625FCF714B3266000AF3C04 /* home@2x.png */,
				0625FC7614AF834000AF3C04 /* btn0.png */,
				0625FC7714AF834000AF3C04 /* btn0@2x.png */,
				0625FC7814AF834000AF3C04 /* btn1.png */,
				0625FC7914AF834000AF3C04 /* btn1@2x.png */,
				0625FC7A14AF834000AF3C04 /* btn2.png */,
				0625FC7B14AF834000AF3C04 /* btn2@2x.png */,
				0625FC7C14AF834000AF3C04 /* btn3.png */,
				0625FC7D14AF834000AF3C04 /* btn3@2x.png */,
				0625FC7E14AF834000AF3C04 /* btn4.png */,
				0625FC7F14AF834000AF3C04 /* btn4@2x.png */,
				0625FCE914B2C21100AF3C04 /* btn5.png */,
				0625FCEA14B2C21100AF3C04 /* btn5@2x.png */,
				0625FC8014AF834000AF3C04 /* btn_back.png */,
				0625FC8114AF834000AF3C04 /* btn_back@2x.png */,
				0625FC8214AF834000AF3C04 /* btn_next.png */,
				0625FC8314AF834000AF3C04 /* btn_next@2x.png */,
				0625FC8414AF834000AF3C04 /* header_bg.png */,
				0625FC8514AF834000AF3C04 /* header_bg@2x.png */,
				0625FC8614AF834000AF3C04 /* mask0.png */,
				0625FC8714AF834000AF3C04 /* mask0@2x.png */,
				0625FC8814AF834000AF3C04 /* mask1.png */,
				0625FC8914AF834000AF3C04 /* mask1@2x.png */,
				0625FC8A14AF834000AF3C04 /* mask2.png */,
				0625FC8B14AF834000AF3C04 /* mask2@2x.png */,
				0625FC8C14AF834000AF3C04 /* mask3.png */,
				0625FC8D14AF834000AF3C04 /* mask3@2x.png */,
				0625FC8E14AF834000AF3C04 /* mask4.png */,
				0625FC8F14AF834000AF3C04 /* mask4@2x.png */,
				0625FCED14B2C45A00AF3C04 /* mask5.png */,
				0625FC9014AF834000AF3C04 /* test.jpg */,
			);
			name = images;
			path = kesikesi/images;
			sourceTree = "<group>";
		};
/* End PBXGroup section */

/* Begin PBXNativeTarget section */
		0625FBE514AF7F4E00AF3C04 /* kesikesi */ = {
			isa = PBXNativeTarget;
			buildConfigurationList = 0625FC1C14AF7F4E00AF3C04 /* Build configuration list for PBXNativeTarget "kesikesi" */;
			buildPhases = (
				0625FBE214AF7F4E00AF3C04 /* Sources */,
				0625FBE314AF7F4E00AF3C04 /* Frameworks */,
				0625FBE414AF7F4E00AF3C04 /* Resources */,
			);
			buildRules = (
			);
			dependencies = (
			);
			name = kesikesi;
			productName = kesikesi;
			productReference = 0625FBE614AF7F4E00AF3C04 /* kesikesi.app */;
			productType = "com.apple.product-type.application";
		};
		0625FC0914AF7F4E00AF3C04 /* kesikesiTests */ = {
			isa = PBXNativeTarget;
			buildConfigurationList = 0625FC1F14AF7F4E00AF3C04 /* Build configuration list for PBXNativeTarget "kesikesiTests" */;
			buildPhases = (
				0625FC0514AF7F4E00AF3C04 /* Sources */,
				0625FC0614AF7F4E00AF3C04 /* Frameworks */,
				0625FC0714AF7F4E00AF3C04 /* Resources */,
				0625FC0814AF7F4E00AF3C04 /* ShellScript */,
			);
			buildRules = (
			);
			dependencies = (
				0625FC1014AF7F4E00AF3C04 /* PBXTargetDependency */,
			);
			name = kesikesiTests;
			productName = kesikesiTests;
			productReference = 0625FC0A14AF7F4E00AF3C04 /* kesikesiTests.octest */;
			productType = "com.apple.product-type.bundle";
		};
/* End PBXNativeTarget section */

/* Begin PBXProject section */
		0625FBDD14AF7F4E00AF3C04 /* Project object */ = {
			isa = PBXProject;
			attributes = {
				LastUpgradeCheck = 0420;
				ORGANIZATIONNAME = atrac613.io;
			};
			buildConfigurationList = 0625FBE014AF7F4E00AF3C04 /* Build configuration list for PBXProject "kesikesi" */;
			compatibilityVersion = "Xcode 3.2";
			developmentRegion = English;
			hasScannedForEncodings = 0;
			knownRegions = (
				en,
				ja,
			);
			mainGroup = 0625FBDB14AF7F4E00AF3C04;
			productRefGroup = 0625FBE714AF7F4E00AF3C04 /* Products */;
			projectDirPath = "";
			projectRoot = "";
			targets = (
				0625FBE514AF7F4E00AF3C04 /* kesikesi */,
				0625FC0914AF7F4E00AF3C04 /* kesikesiTests */,
			);
		};
/* End PBXProject section */

/* Begin PBXResourcesBuildPhase section */
		0625FBE414AF7F4E00AF3C04 /* Resources */ = {
			isa = PBXResourcesBuildPhase;
			buildActionMask = 2147483647;
			files = (
				0625FBF514AF7F4E00AF3C04 /* InfoPlist.strings in Resources */,
				0625FBFE14AF7F4E00AF3C04 /* MainStoryboard.storyboard in Resources */,
				0625FC2314AF7F7F00AF3C04 /* icon.png in Resources */,
				0625FC2514AF7F8300AF3C04 /* icon@2x.png in Resources */,
				0625FC6814AF80FA00AF3C04 /* zbar-back.png in Resources */,
				0625FC6914AF80FA00AF3C04 /* zbar-help.html in Resources */,
				0625FC6A14AF80FA00AF3C04 /* zbar-helpicons.png in Resources */,
				0625FC6B14AF80FA00AF3C04 /* zbar-samples.png in Resources */,
				0625FC7014AF832100AF3C04 /* Localizable.strings in Resources */,
				0625FC7414AF832900AF3C04 /* Localizable.strings in Resources */,
				0625FC9114AF834000AF3C04 /* btn0.png in Resources */,
				0625FC9214AF834000AF3C04 /* btn0@2x.png in Resources */,
				0625FC9314AF834000AF3C04 /* btn1.png in Resources */,
				0625FC9414AF834000AF3C04 /* btn1@2x.png in Resources */,
				0625FC9514AF834000AF3C04 /* btn2.png in Resources */,
				0625FC9614AF834000AF3C04 /* btn2@2x.png in Resources */,
				0625FC9714AF834000AF3C04 /* btn3.png in Resources */,
				0625FC9814AF834000AF3C04 /* btn3@2x.png in Resources */,
				0625FC9914AF834000AF3C04 /* btn4.png in Resources */,
				0625FC9A14AF834000AF3C04 /* btn4@2x.png in Resources */,
				0625FC9B14AF834000AF3C04 /* btn_back.png in Resources */,
				0625FC9C14AF834000AF3C04 /* btn_back@2x.png in Resources */,
				0625FC9D14AF834000AF3C04 /* btn_next.png in Resources */,
				0625FC9E14AF834000AF3C04 /* btn_next@2x.png in Resources */,
				0625FC9F14AF834000AF3C04 /* header_bg.png in Resources */,
				0625FCA014AF834000AF3C04 /* header_bg@2x.png in Resources */,
				0625FCA114AF834000AF3C04 /* mask0.png in Resources */,
				0625FCA214AF834000AF3C04 /* mask0@2x.png in Resources */,
				0625FCA314AF834000AF3C04 /* mask1.png in Resources */,
				0625FCA414AF834000AF3C04 /* mask1@2x.png in Resources */,
				0625FCA514AF834000AF3C04 /* mask2.png in Resources */,
				0625FCA614AF834000AF3C04 /* mask2@2x.png in Resources */,
				0625FCA714AF834000AF3C04 /* mask3.png in Resources */,
				0625FCA814AF834000AF3C04 /* mask3@2x.png in Resources */,
				0625FCA914AF834000AF3C04 /* mask4.png in Resources */,
				0625FCAA14AF834000AF3C04 /* mask4@2x.png in Resources */,
				0625FCAB14AF834000AF3C04 /* test.jpg in Resources */,
				0625FCEB14B2C21200AF3C04 /* btn5.png in Resources */,
				0625FCEC14B2C21200AF3C04 /* btn5@2x.png in Resources */,
				0625FCEE14B2C45A00AF3C04 /* mask5.png in Resources */,
				0625FCF814B3266000AF3C04 /* home.png in Resources */,
				0625FCF914B3266000AF3C04 /* home@2x.png in Resources */,
				061C3AF816EC8CAE0070E60C /* Default-568h@2x.png in Resources */,
				061C3AFD16ECBC470070E60C /* SVProgressHUD.bundle in Resources */,
				060CB47316FEE89D008B6C8E /* third_party_notices.html in Resources */,
			);
			runOnlyForDeploymentPostprocessing = 0;
		};
		0625FC0714AF7F4E00AF3C04 /* Resources */ = {
			isa = PBXResourcesBuildPhase;
			buildActionMask = 2147483647;
			files = (
				0625FC1614AF7F4E00AF3C04 /* InfoPlist.strings in Resources */,
			);
			runOnlyForDeploymentPostprocessing = 0;
		};
/* End PBXResourcesBuildPhase section */

/* Begin PBXShellScriptBuildPhase section */
		0625FC0814AF7F4E00AF3C04 /* ShellScript */ = {
			isa = PBXShellScriptBuildPhase;
			buildActionMask = 2147483647;
			files = (
			);
			inputPaths = (
			);
			outputPaths = (
			);
			runOnlyForDeploymentPostprocessing = 0;
			shellPath = /bin/sh;
			shellScript = "# Run the unit tests in this test bundle.\n\"${SYSTEM_DEVELOPER_DIR}/Tools/RunUnitTests\"\n";
		};
/* End PBXShellScriptBuildPhase section */

/* Begin PBXSourcesBuildPhase section */
		0625FBE214AF7F4E00AF3C04 /* Sources */ = {
			isa = PBXSourcesBuildPhase;
			buildActionMask = 2147483647;
			files = (
				0625FBF714AF7F4E00AF3C04 /* main.m in Sources */,
				0625FBFB14AF7F4E00AF3C04 /* AppDelegate.m in Sources */,
				0625FC0114AF7F4E00AF3C04 /* MasterViewController.m in Sources */,
				0625FC3014AF808000AF3C04 /* KesiKesiService.m in Sources */,
				0625FC3114AF808000AF3C04 /* ImageUtil.m in Sources */,
				0625FC4814AF80EB00AF3C04 /* NSString+MD5.m in Sources */,
				0625FCAE14AF84D500AF3C04 /* FingerPaintViewController.m in Sources */,
				0625FCB114AF853000AF3C04 /* FrameView.m in Sources */,
				0625FCB414AF874B00AF3C04 /* ScratchViewController.m in Sources */,
				0625FCBD14AF8B5000AF3C04 /* BarcodeScanModalViewController.m in Sources */,
				0625FCC014AFFC8D00AF3C04 /* UploadViewController.m in Sources */,
				0625FCD414B00C7900AF3C04 /* RootSchemeViewController.m in Sources */,
				0625FCF514B3146900AF3C04 /* AuthViewController.m in Sources */,
				65C49F2714C676BF0051F5A3 /* SBJsonWriter.m in Sources */,
				65C49F2814C676BF0051F5A3 /* SBJsonParser.m in Sources */,
				65C49F2914C676BF0051F5A3 /* SBJsonBase.m in Sources */,
				65C49F2A14C676BF0051F5A3 /* SBJSON.m in Sources */,
				65C49F2B14C676BF0051F5A3 /* NSString+SBJSON.m in Sources */,
				65C49F2C14C676BF0051F5A3 /* NSObject+SBJSON.m in Sources */,
				061C3AFE16ECBC470070E60C /* SVProgressHUD.m in Sources */,
				0602764F16FEE030006EDA9B /* AboutViewController.m in Sources */,
				0602765216FEE0B0006EDA9B /* ThirdPartyNoticesViewController.m in Sources */,
			);
			runOnlyForDeploymentPostprocessing = 0;
		};
		0625FC0514AF7F4E00AF3C04 /* Sources */ = {
			isa = PBXSourcesBuildPhase;
			buildActionMask = 2147483647;
			files = (
				0625FC1914AF7F4E00AF3C04 /* kesikesiTests.m in Sources */,
			);
			runOnlyForDeploymentPostprocessing = 0;
		};
/* End PBXSourcesBuildPhase section */

/* Begin PBXTargetDependency section */
		0625FC1014AF7F4E00AF3C04 /* PBXTargetDependency */ = {
			isa = PBXTargetDependency;
			target = 0625FBE514AF7F4E00AF3C04 /* kesikesi */;
			targetProxy = 0625FC0F14AF7F4E00AF3C04 /* PBXContainerItemProxy */;
		};
/* End PBXTargetDependency section */

/* Begin PBXVariantGroup section */
		0625FBF314AF7F4E00AF3C04 /* InfoPlist.strings */ = {
			isa = PBXVariantGroup;
			children = (
				0625FBF414AF7F4E00AF3C04 /* en */,
			);
			name = InfoPlist.strings;
			sourceTree = "<group>";
		};
		0625FBFC14AF7F4E00AF3C04 /* MainStoryboard.storyboard */ = {
			isa = PBXVariantGroup;
			children = (
				0625FBFD14AF7F4E00AF3C04 /* en */,
			);
			name = MainStoryboard.storyboard;
			sourceTree = "<group>";
		};
		0625FC1414AF7F4E00AF3C04 /* InfoPlist.strings */ = {
			isa = PBXVariantGroup;
			children = (
				0625FC1514AF7F4E00AF3C04 /* en */,
			);
			name = InfoPlist.strings;
			sourceTree = "<group>";
		};
		0625FC6E14AF832100AF3C04 /* Localizable.strings */ = {
			isa = PBXVariantGroup;
			children = (
				0625FC6F14AF832100AF3C04 /* en */,
			);
			name = Localizable.strings;
			sourceTree = "<group>";
		};
		0625FC7214AF832900AF3C04 /* Localizable.strings */ = {
			isa = PBXVariantGroup;
			children = (
				0625FC7314AF832900AF3C04 /* ja */,
			);
			name = Localizable.strings;
			sourceTree = "<group>";
		};
/* End PBXVariantGroup section */

/* Begin XCBuildConfiguration section */
		0625FC1A14AF7F4E00AF3C04 /* Debug */ = {
			isa = XCBuildConfiguration;
			buildSettings = {
				ALWAYS_SEARCH_USER_PATHS = NO;
				ARCHS = "$(ARCHS_STANDARD_32_BIT)";
				CLANG_ENABLE_OBJC_ARC = YES;
				CODE_SIGN_IDENTITY = "iPhone Developer: Osamu Noguchi (BQY439J4V9)";
				"CODE_SIGN_IDENTITY[sdk=iphoneos*]" = "iPhone Developer: Osamu Noguchi (BQY439J4V9)";
				COPY_PHASE_STRIP = NO;
				GCC_C_LANGUAGE_STANDARD = gnu99;
				GCC_DYNAMIC_NO_PIC = NO;
				GCC_OPTIMIZATION_LEVEL = 0;
				GCC_PREPROCESSOR_DEFINITIONS = (
					"DEBUG=1",
					"$(inherited)",
				);
				GCC_SYMBOLS_PRIVATE_EXTERN = NO;
				GCC_VERSION = com.apple.compilers.llvm.clang.1_0;
				GCC_WARN_ABOUT_MISSING_PROTOTYPES = YES;
				GCC_WARN_ABOUT_RETURN_TYPE = YES;
				GCC_WARN_UNUSED_VARIABLE = YES;
				HEADER_SEARCH_PATHS = "\"$(SRCROOT)/opencv_device/include\"";
				"HEADER_SEARCH_PATHS[sdk=iphoneos*][arch=*]" = "\"$(SRCROOT)/opencv_device/include\"";
				"HEADER_SEARCH_PATHS[sdk=iphonesimulator*][arch=*]" = "\"$(SRCROOT)/opencv_simulator/include\"";
				IPHONEOS_DEPLOYMENT_TARGET = 6.0;
				LIBRARY_SEARCH_PATHS = "\"$(SRCROOT)/opencv_device/lib\"";
				"LIBRARY_SEARCH_PATHS[sdk=iphoneos*][arch=*]" = "\"$(SRCROOT)/opencv_device/lib\"";
				"LIBRARY_SEARCH_PATHS[sdk=iphonesimulator*][arch=*]" = "\"$(SRCROOT)/opencv_simulator/lib\"";
				OTHER_LDFLAGS = (
					"-lstdc++",
					"-lz",
				);
				PROVISIONING_PROFILE = "71509653-F102-4018-8BF9-7F3F672BFF16";
				"PROVISIONING_PROFILE[sdk=iphoneos*]" = "7C97524F-9AFE-41AA-85C5-9D85A78237A4";
				SDKROOT = iphoneos;
				USER_HEADER_SEARCH_PATHS = "\"$(SRCROOT)/opencv_simulator/include\"";
				VALID_ARCHS = armv7;
			};
			name = Debug;
		};
		0625FC1B14AF7F4E00AF3C04 /* Release */ = {
			isa = XCBuildConfiguration;
			buildSettings = {
				ALWAYS_SEARCH_USER_PATHS = NO;
				ARCHS = "$(ARCHS_STANDARD_32_BIT)";
				CLANG_ENABLE_OBJC_ARC = YES;
				CODE_SIGN_IDENTITY = "";
				"CODE_SIGN_IDENTITY[sdk=iphoneos*]" = "iPhone Distribution: Osamu Noguchi";
				COPY_PHASE_STRIP = YES;
				GCC_C_LANGUAGE_STANDARD = gnu99;
				GCC_VERSION = com.apple.compilers.llvm.clang.1_0;
				GCC_WARN_ABOUT_MISSING_PROTOTYPES = YES;
				GCC_WARN_ABOUT_RETURN_TYPE = YES;
				GCC_WARN_UNUSED_VARIABLE = YES;
				HEADER_SEARCH_PATHS = "\"$(SRCROOT)/opencv_device/include\"";
				IPHONEOS_DEPLOYMENT_TARGET = 6.0;
				LIBRARY_SEARCH_PATHS = "\"$(SRCROOT)/opencv_device/lib\"";
				OTHER_CFLAGS = "-DNS_BLOCK_ASSERTIONS=1";
				OTHER_LDFLAGS = (
					"-lstdc++",
					"-lz",
				);
				"PROVISIONING_PROFILE[sdk=iphoneos*]" = "32F95CA5-B1A7-4B6E-97BC-BB2CF7BFD88D";
				SDKROOT = iphoneos;
				USER_HEADER_SEARCH_PATHS = "\"$(SRCROOT)/opencv_simulator/include\"";
				VALIDATE_PRODUCT = YES;
				VALID_ARCHS = armv7;
			};
			name = Release;
		};
		0625FC1D14AF7F4E00AF3C04 /* Debug */ = {
			isa = XCBuildConfiguration;
			buildSettings = {
				CODE_SIGN_IDENTITY = "";
				"CODE_SIGN_IDENTITY[sdk=iphoneos*]" = "iPhone Developer: Osamu Noguchi (BQY439J4V9)";
				GCC_PRECOMPILE_PREFIX_HEADER = YES;
				GCC_PREFIX_HEADER = "kesikesi/kesikesi-Prefix.pch";
				INFOPLIST_FILE = "kesikesi/kesikesi-Info.plist";
				LIBRARY_SEARCH_PATHS = (
					"$(inherited)",
					"\"$(SRCROOT)/ZBarSDK\"",
					"\"$(SRCROOT)/opencv_simulator/lib\"",
				);
				PRODUCT_NAME = "$(TARGET_NAME)";
				"PROVISIONING_PROFILE[sdk=iphoneos*]" = "7C97524F-9AFE-41AA-85C5-9D85A78237A4";
				WRAPPER_EXTENSION = app;
			};
			name = Debug;
		};
		0625FC1E14AF7F4E00AF3C04 /* Release */ = {
			isa = XCBuildConfiguration;
			buildSettings = {
				CODE_SIGN_IDENTITY = "";
				"CODE_SIGN_IDENTITY[sdk=iphoneos*]" = "iPhone Distribution: Osamu Noguchi";
				GCC_PRECOMPILE_PREFIX_HEADER = YES;
				GCC_PREFIX_HEADER = "kesikesi/kesikesi-Prefix.pch";
				INFOPLIST_FILE = "kesikesi/kesikesi-Info.plist";
				LIBRARY_SEARCH_PATHS = (
					"$(inherited)",
					"\"$(SRCROOT)/ZBarSDK\"",
					"\"$(SRCROOT)/opencv_simulator/lib\"",
				);
				PRODUCT_NAME = "$(TARGET_NAME)";
				"PROVISIONING_PROFILE[sdk=iphoneos*]" = "32F95CA5-B1A7-4B6E-97BC-BB2CF7BFD88D";
				WRAPPER_EXTENSION = app;
			};
			name = Release;
		};
		0625FC2014AF7F4E00AF3C04 /* Debug */ = {
			isa = XCBuildConfiguration;
			buildSettings = {
				BUNDLE_LOADER = "$(BUILT_PRODUCTS_DIR)/kesikesi.app/kesikesi";
				FRAMEWORK_SEARCH_PATHS = (
					"$(SDKROOT)/Developer/Library/Frameworks",
					"$(DEVELOPER_LIBRARY_DIR)/Frameworks",
				);
				GCC_PRECOMPILE_PREFIX_HEADER = YES;
				GCC_PREFIX_HEADER = "kesikesi/kesikesi-Prefix.pch";
				INFOPLIST_FILE = "kesikesiTests/kesikesiTests-Info.plist";
				PRODUCT_NAME = "$(TARGET_NAME)";
				TEST_HOST = "$(BUNDLE_LOADER)";
				WRAPPER_EXTENSION = octest;
			};
			name = Debug;
		};
		0625FC2114AF7F4E00AF3C04 /* Release */ = {
			isa = XCBuildConfiguration;
			buildSettings = {
				BUNDLE_LOADER = "$(BUILT_PRODUCTS_DIR)/kesikesi.app/kesikesi";
				FRAMEWORK_SEARCH_PATHS = (
					"$(SDKROOT)/Developer/Library/Frameworks",
					"$(DEVELOPER_LIBRARY_DIR)/Frameworks",
				);
				GCC_PRECOMPILE_PREFIX_HEADER = YES;
				GCC_PREFIX_HEADER = "kesikesi/kesikesi-Prefix.pch";
				INFOPLIST_FILE = "kesikesiTests/kesikesiTests-Info.plist";
				PRODUCT_NAME = "$(TARGET_NAME)";
				TEST_HOST = "$(BUNDLE_LOADER)";
				WRAPPER_EXTENSION = octest;
			};
			name = Release;
		};
/* End XCBuildConfiguration section */

/* Begin XCConfigurationList section */
		0625FBE014AF7F4E00AF3C04 /* Build configuration list for PBXProject "kesikesi" */ = {
			isa = XCConfigurationList;
			buildConfigurations = (
				0625FC1A14AF7F4E00AF3C04 /* Debug */,
				0625FC1B14AF7F4E00AF3C04 /* Release */,
			);
			defaultConfigurationIsVisible = 0;
			defaultConfigurationName = Release;
		};
		0625FC1C14AF7F4E00AF3C04 /* Build configuration list for PBXNativeTarget "kesikesi" */ = {
			isa = XCConfigurationList;
			buildConfigurations = (
				0625FC1D14AF7F4E00AF3C04 /* Debug */,
				0625FC1E14AF7F4E00AF3C04 /* Release */,
			);
			defaultConfigurationIsVisible = 0;
			defaultConfigurationName = Release;
		};
		0625FC1F14AF7F4E00AF3C04 /* Build configuration list for PBXNativeTarget "kesikesiTests" */ = {
			isa = XCConfigurationList;
			buildConfigurations = (
				0625FC2014AF7F4E00AF3C04 /* Debug */,
				0625FC2114AF7F4E00AF3C04 /* Release */,
			);
			defaultConfigurationIsVisible = 0;
			defaultConfigurationName = Release;
		};
/* End XCConfigurationList section */
	};
	rootObject = 0625FBDD14AF7F4E00AF3C04 /* Project object */;
}
